
Microsoft Visual Studio Solution File, Format Version 12.00
# Visual Studio Version 17
VisualStudioVersion = 17.10.34916.146
MinimumVisualStudioVersion = 10.0.40219.1
Project("{FAE04EC0-301F-11D3-BF4B-00C04F79EFBC}") = "Linq", "Linq\Linq.csproj", "{EBC8206F-E1E0-400A-96E1-A0EE0459737F}"
EndProject
Global
	GlobalSection(SolutionConfigurationPlatforms) = preSolution
		Debug|Any CPU = Debug|Any CPU
		Release|Any CPU = Release|Any CPU
	EndGlobalSection
	GlobalSection(ProjectConfigurationPlatforms) = postSolution
		{EBC8206F-E1E0-400A-96E1-A0EE0459737F}.Debug|Any CPU.ActiveCfg = Debug|Any CPU
		{EBC8206F-E1E0-400A-96E1-A0EE0459737F}.Debug|Any CPU.Build.0 = Debug|Any CPU
		{EBC8206F-E1E0-400A-96E1-A0EE0459737F}.Release|Any CPU.ActiveCfg = Release|Any CPU
		{EBC8206F-E1E0-400A-96E1-A0EE0459737F}.Release|Any CPU.Build.0 = Release|Any CPU
	EndGlobalSection
	GlobalSection(SolutionProperties) = preSolution
		HideSolutionNode = FALSE
	EndGlobalSection
	GlobalSection(ExtensibilityGlobals) = postSolution
		SolutionGuid = {22C51C44-6F13-4416-AE3A-064D83057D29}
	EndGlobalSection
EndGlobal
